
Microsoft Visual Studio Solution File, Format Version 12.00
# Visual Studio Version 17
VisualStudioVersion = 17.14.36623.8 d17.14
MinimumVisualStudioVersion = 10.0.40219.1
Project("{FAE04EC0-301F-11D3-BF4B-00C04F79EFBC}") = "Baubit.Networking", "Baubit.Networking\Baubit.Networking.csproj", "{46DDEFAC-3638-47A2-80B8-14C6F64D6D58}"
EndProject
Project("{FAE04EC0-301F-11D3-BF4B-00C04F79EFBC}") = "Baubit.Networking.Test", "Baubit.Networking.Test\Baubit.Networking.Test.csproj", "{D779D720-1618-4108-A799-601B2EDD2D2A}"
EndProject
Global
	GlobalSection(SolutionConfigurationPlatforms) = preSolution
		Debug|Any CPU = Debug|Any CPU
		Release|Any CPU = Release|Any CPU
	EndGlobalSection
	GlobalSection(ProjectConfigurationPlatforms) = postSolution
		{46DDEFAC-3638-47A2-80B8-14C6F64D6D58}.Debug|Any CPU.ActiveCfg = Debug|Any CPU
		{46DDEFAC-3638-47A2-80B8-14C6F64D6D58}.Debug|Any CPU.Build.0 = Debug|Any CPU
		{46DDEFAC-3638-47A2-80B8-14C6F64D6D58}.Release|Any CPU.ActiveCfg = Release|Any CPU
		{46DDEFAC-3638-47A2-80B8-14C6F64D6D58}.Release|Any CPU.Build.0 = Release|Any CPU
		{D779D720-1618-4108-A799-601B2EDD2D2A}.Debug|Any CPU.ActiveCfg = Debug|Any CPU
		{D779D720-1618-4108-A799-601B2EDD2D2A}.Debug|Any CPU.Build.0 = Debug|Any CPU
		{D779D720-1618-4108-A799-601B2EDD2D2A}.Release|Any CPU.ActiveCfg = Release|Any CPU
		{D779D720-1618-4108-A799-601B2EDD2D2A}.Release|Any CPU.Build.0 = Release|Any CPU
	EndGlobalSection
	GlobalSection(SolutionProperties) = preSolution
		HideSolutionNode = FALSE
	EndGlobalSection
	GlobalSection(ExtensibilityGlobals) = postSolution
		SolutionGuid = {404EEE8F-0406-4102-83B0-1624541A08EA}
	EndGlobalSection
EndGlobal
